// !$*UTF8*$!
{
	archiveVersion = 1;
	classes = {
	};
	objectVersion = 46;
	objects = {

/* Begin PBXBuildFile section */
		D506DD631D8DAB0F000B0E61 /* main.m in Sources */ = {isa = PBXBuildFile; fileRef = D506DD621D8DAB0F000B0E61 /* main.m */; };
		D506DD661D8DAB0F000B0E61 /* AppDelegate.m in Sources */ = {isa = PBXBuildFile; fileRef = D506DD651D8DAB0F000B0E61 /* AppDelegate.m */; };
		D506DD691D8DAB0F000B0E61 /* ViewController.m in Sources */ = {isa = PBXBuildFile; fileRef = D506DD681D8DAB0F000B0E61 /* ViewController.m */; };
		D506DD6C1D8DAB0F000B0E61 /* Main.storyboard in Resources */ = {isa = PBXBuildFile; fileRef = D506DD6A1D8DAB0F000B0E61 /* Main.storyboard */; };
		D506DD6E1D8DAB0F000B0E61 /* Assets.xcassets in Resources */ = {isa = PBXBuildFile; fileRef = D506DD6D1D8DAB0F000B0E61 /* Assets.xcassets */; };
		D506DD711D8DAB0F000B0E61 /* LaunchScreen.storyboard in Resources */ = {isa = PBXBuildFile; fileRef = D506DD6F1D8DAB0F000B0E61 /* LaunchScreen.storyboard */; };
		D53DC15CB7A7B843908B8DD8 /* libPods-SoundCloudPLM.a in Frameworks */ = {isa = PBXBuildFile; fileRef = 666FB2FE43A01421302AA4C5 /* libPods-SoundCloudPLM.a */; };
		D55528E71D8DC455006A7B59 /* SCNetworking.m in Sources */ = {isa = PBXBuildFile; fileRef = D55528E61D8DC455006A7B59 /* SCNetworking.m */; };
		D55528EA1D8DCAAA006A7B59 /* LoginViewController.m in Sources */ = {isa = PBXBuildFile; fileRef = D55528E91D8DCAAA006A7B59 /* LoginViewController.m */; };
		D55528ED1D8DCD2E006A7B59 /* OAuthState.m in Sources */ = {isa = PBXBuildFile; fileRef = D55528EC1D8DCD2E006A7B59 /* OAuthState.m */; };
		D55528F01D8DCD42006A7B59 /* AuthResult.m in Sources */ = {isa = PBXBuildFile; fileRef = D55528EF1D8DCD42006A7B59 /* AuthResult.m */; };
		D55528F61D8E1533006A7B59 /* PlayListsViewController.m in Sources */ = {isa = PBXBuildFile; fileRef = D55528F51D8E1533006A7B59 /* PlayListsViewController.m */; };
		D55528F91D8E2963006A7B59 /* Playlist.m in Sources */ = {isa = PBXBuildFile; fileRef = D55528F81D8E2963006A7B59 /* Playlist.m */; };
		D59D781C1D8EE27100C1E3BC /* Track.m in Sources */ = {isa = PBXBuildFile; fileRef = D59D781B1D8EE27100C1E3BC /* Track.m */; };
		D59D781F1D8EF39F00C1E3BC /* PlayListsViewCell.m in Sources */ = {isa = PBXBuildFile; fileRef = D59D781E1D8EF39F00C1E3BC /* PlayListsViewCell.m */; };
		D59FC3A11D90748E00D827D9 /* TrackDetailsViewController.m in Sources */ = {isa = PBXBuildFile; fileRef = D59FC3A01D90748E00D827D9 /* TrackDetailsViewController.m */; };
		D59FC3A51D909EB300D827D9 /* SearchTracksViewController.m in Sources */ = {isa = PBXBuildFile; fileRef = D59FC3A41D909EB300D827D9 /* SearchTracksViewController.m */; };
		D5E5B5AD1D9462C000809B71 /* README.md in Sources */ = {isa = PBXBuildFile; fileRef = D5E5B5AC1D9462C000809B71 /* README.md */; };
		D5F56EBA1D8F6064003DF0B3 /* PlayListViewController.m in Sources */ = {isa = PBXBuildFile; fileRef = D5F56EB91D8F6064003DF0B3 /* PlayListViewController.m */; };
		D5F56EBD1D8F6164003DF0B3 /* PlayListViewCell.m in Sources */ = {isa = PBXBuildFile; fileRef = D5F56EBC1D8F6164003DF0B3 /* PlayListViewCell.m */; };
/* End PBXBuildFile section */

/* Begin PBXFileReference section */
		4168104F6E07A79CD779E425 /* Pods-SoundCloudPLM.release.xcconfig */ = {isa = PBXFileReference; includeInIndex = 1; lastKnownFileType = text.xcconfig; name = "Pods-SoundCloudPLM.release.xcconfig"; path = "Pods/Target Support Files/Pods-SoundCloudPLM/Pods-SoundCloudPLM.release.xcconfig"; sourceTree = "<group>"; };
		666FB2FE43A01421302AA4C5 /* libPods-SoundCloudPLM.a */ = {isa = PBXFileReference; explicitFileType = archive.ar; includeInIndex = 0; path = "libPods-SoundCloudPLM.a"; sourceTree = BUILT_PRODUCTS_DIR; };
		D4C5ACBC046B15BD0E1467E4 /* Pods-SoundCloudPLM.debug.xcconfig */ = {isa = PBXFileReference; includeInIndex = 1; lastKnownFileType = text.xcconfig; name = "Pods-SoundCloudPLM.debug.xcconfig"; path = "Pods/Target Support Files/Pods-SoundCloudPLM/Pods-SoundCloudPLM.debug.xcconfig"; sourceTree = "<group>"; };
		D506DD5E1D8DAB0F000B0E61 /* SoundCloudPLM.app */ = {isa = PBXFileReference; explicitFileType = wrapper.application; includeInIndex = 0; path = SoundCloudPLM.app; sourceTree = BUILT_PRODUCTS_DIR; };
		D506DD621D8DAB0F000B0E61 /* main.m */ = {isa = PBXFileReference; lastKnownFileType = sourcecode.c.objc; path = main.m; sourceTree = "<group>"; };
		D506DD641D8DAB0F000B0E61 /* AppDelegate.h */ = {isa = PBXFileReference; lastKnownFileType = sourcecode.c.h; path = AppDelegate.h; sourceTree = "<group>"; };
		D506DD651D8DAB0F000B0E61 /* AppDelegate.m */ = {isa = PBXFileReference; lastKnownFileType = sourcecode.c.objc; path = AppDelegate.m; sourceTree = "<group>"; };
		D506DD671D8DAB0F000B0E61 /* ViewController.h */ = {isa = PBXFileReference; lastKnownFileType = sourcecode.c.h; path = ViewController.h; sourceTree = "<group>"; };
		D506DD681D8DAB0F000B0E61 /* ViewController.m */ = {isa = PBXFileReference; lastKnownFileType = sourcecode.c.objc; path = ViewController.m; sourceTree = "<group>"; };
		D506DD6B1D8DAB0F000B0E61 /* Base */ = {isa = PBXFileReference; lastKnownFileType = file.storyboard; name = Base; path = Base.lproj/Main.storyboard; sourceTree = "<group>"; };
		D506DD6D1D8DAB0F000B0E61 /* Assets.xcassets */ = {isa = PBXFileReference; lastKnownFileType = folder.assetcatalog; path = Assets.xcassets; sourceTree = "<group>"; };
		D506DD701D8DAB0F000B0E61 /* Base */ = {isa = PBXFileReference; lastKnownFileType = file.storyboard; name = Base; path = Base.lproj/LaunchScreen.storyboard; sourceTree = "<group>"; };
		D506DD721D8DAB0F000B0E61 /* Info.plist */ = {isa = PBXFileReference; lastKnownFileType = text.plist.xml; path = Info.plist; sourceTree = "<group>"; };
		D55528E51D8DC455006A7B59 /* SCNetworking.h */ = {isa = PBXFileReference; fileEncoding = 4; lastKnownFileType = sourcecode.c.h; path = SCNetworking.h; sourceTree = "<group>"; };
		D55528E61D8DC455006A7B59 /* SCNetworking.m */ = {isa = PBXFileReference; fileEncoding = 4; lastKnownFileType = sourcecode.c.objc; path = SCNetworking.m; sourceTree = "<group>"; };
		D55528E81D8DCAAA006A7B59 /* LoginViewController.h */ = {isa = PBXFileReference; fileEncoding = 4; lastKnownFileType = sourcecode.c.h; path = LoginViewController.h; sourceTree = "<group>"; };
		D55528E91D8DCAAA006A7B59 /* LoginViewController.m */ = {isa = PBXFileReference; fileEncoding = 4; lastKnownFileType = sourcecode.c.objc; path = LoginViewController.m; sourceTree = "<group>"; };
		D55528EB1D8DCD2E006A7B59 /* OAuthState.h */ = {isa = PBXFileReference; fileEncoding = 4; lastKnownFileType = sourcecode.c.h; path = OAuthState.h; sourceTree = "<group>"; };
		D55528EC1D8DCD2E006A7B59 /* OAuthState.m */ = {isa = PBXFileReference; fileEncoding = 4; lastKnownFileType = sourcecode.c.objc; path = OAuthState.m; sourceTree = "<group>"; };
		D55528EE1D8DCD42006A7B59 /* AuthResult.h */ = {isa = PBXFileReference; fileEncoding = 4; lastKnownFileType = sourcecode.c.h; path = AuthResult.h; sourceTree = "<group>"; };
		D55528EF1D8DCD42006A7B59 /* AuthResult.m */ = {isa = PBXFileReference; fileEncoding = 4; lastKnownFileType = sourcecode.c.objc; path = AuthResult.m; sourceTree = "<group>"; };
		D55528F41D8E1533006A7B59 /* PlayListsViewController.h */ = {isa = PBXFileReference; fileEncoding = 4; lastKnownFileType = sourcecode.c.h; path = PlayListsViewController.h; sourceTree = "<group>"; };
		D55528F51D8E1533006A7B59 /* PlayListsViewController.m */ = {isa = PBXFileReference; fileEncoding = 4; lastKnownFileType = sourcecode.c.objc; path = PlayListsViewController.m; sourceTree = "<group>"; };
		D55528F71D8E2963006A7B59 /* Playlist.h */ = {isa = PBXFileReference; fileEncoding = 4; lastKnownFileType = sourcecode.c.h; path = Playlist.h; sourceTree = "<group>"; };
		D55528F81D8E2963006A7B59 /* Playlist.m */ = {isa = PBXFileReference; fileEncoding = 4; lastKnownFileType = sourcecode.c.objc; path = Playlist.m; sourceTree = "<group>"; };
		D59D781A1D8EE27100C1E3BC /* Track.h */ = {isa = PBXFileReference; fileEncoding = 4; lastKnownFileType = sourcecode.c.h; path = Track.h; sourceTree = "<group>"; };
		D59D781B1D8EE27100C1E3BC /* Track.m */ = {isa = PBXFileReference; fileEncoding = 4; lastKnownFileType = sourcecode.c.objc; path = Track.m; sourceTree = "<group>"; };
		D59D781D1D8EF39F00C1E3BC /* PlayListsViewCell.h */ = {isa = PBXFileReference; fileEncoding = 4; lastKnownFileType = sourcecode.c.h; path = PlayListsViewCell.h; sourceTree = "<group>"; };
		D59D781E1D8EF39F00C1E3BC /* PlayListsViewCell.m */ = {isa = PBXFileReference; fileEncoding = 4; lastKnownFileType = sourcecode.c.objc; path = PlayListsViewCell.m; sourceTree = "<group>"; };
		D59FC39F1D90748E00D827D9 /* TrackDetailsViewController.h */ = {isa = PBXFileReference; fileEncoding = 4; lastKnownFileType = sourcecode.c.h; path = TrackDetailsViewController.h; sourceTree = "<group>"; };
		D59FC3A01D90748E00D827D9 /* TrackDetailsViewController.m */ = {isa = PBXFileReference; fileEncoding = 4; lastKnownFileType = sourcecode.c.objc; path = TrackDetailsViewController.m; sourceTree = "<group>"; };
		D59FC3A31D909EB300D827D9 /* SearchTracksViewController.h */ = {isa = PBXFileReference; fileEncoding = 4; lastKnownFileType = sourcecode.c.h; path = SearchTracksViewController.h; sourceTree = "<group>"; };
		D59FC3A41D909EB300D827D9 /* SearchTracksViewController.m */ = {isa = PBXFileReference; fileEncoding = 4; lastKnownFileType = sourcecode.c.objc; path = SearchTracksViewController.m; sourceTree = "<group>"; };
		D5E5B5AC1D9462C000809B71 /* README.md */ = {isa = PBXFileReference; fileEncoding = 4; lastKnownFileType = net.daringfireball.markdown; path = README.md; sourceTree = "<group>"; xcLanguageSpecificationIdentifier = "<none>"; };
		D5F56EB81D8F6064003DF0B3 /* PlayListViewController.h */ = {isa = PBXFileReference; fileEncoding = 4; lastKnownFileType = sourcecode.c.h; path = PlayListViewController.h; sourceTree = "<group>"; };
		D5F56EB91D8F6064003DF0B3 /* PlayListViewController.m */ = {isa = PBXFileReference; fileEncoding = 4; lastKnownFileType = sourcecode.c.objc; path = PlayListViewController.m; sourceTree = "<group>"; };
		D5F56EBB1D8F6164003DF0B3 /* PlayListViewCell.h */ = {isa = PBXFileReference; fileEncoding = 4; lastKnownFileType = sourcecode.c.h; path = PlayListViewCell.h; sourceTree = "<group>"; };
		D5F56EBC1D8F6164003DF0B3 /* PlayListViewCell.m */ = {isa = PBXFileReference; fileEncoding = 4; lastKnownFileType = sourcecode.c.objc; path = PlayListViewCell.m; sourceTree = "<group>"; };
/* End PBXFileReference section */

/* Begin PBXFrameworksBuildPhase section */
		D506DD5B1D8DAB0F000B0E61 /* Frameworks */ = {
			isa = PBXFrameworksBuildPhase;
			buildActionMask = 2147483647;
			files = (
				D53DC15CB7A7B843908B8DD8 /* libPods-SoundCloudPLM.a in Frameworks */,
			);
			runOnlyForDeploymentPostprocessing = 0;
		};
/* End PBXFrameworksBuildPhase section */

/* Begin PBXGroup section */
		5DF29D119F5A084E36A3B9EF /* Pods */ = {
			isa = PBXGroup;
			children = (
				D4C5ACBC046B15BD0E1467E4 /* Pods-SoundCloudPLM.debug.xcconfig */,
				4168104F6E07A79CD779E425 /* Pods-SoundCloudPLM.release.xcconfig */,
			);
			name = Pods;
			sourceTree = "<group>";
		};
		AC2741DAEB90FEEF87C617B2 /* Frameworks */ = {
			isa = PBXGroup;
			children = (
				666FB2FE43A01421302AA4C5 /* libPods-SoundCloudPLM.a */,
			);
			name = Frameworks;
			sourceTree = "<group>";
		};
		D506DD551D8DAB0F000B0E61 = {
			isa = PBXGroup;
			children = (
				D5E5B5AC1D9462C000809B71 /* README.md */,
				D506DD601D8DAB0F000B0E61 /* SoundCloudPLM */,
				D506DD5F1D8DAB0F000B0E61 /* Products */,
				5DF29D119F5A084E36A3B9EF /* Pods */,
				AC2741DAEB90FEEF87C617B2 /* Frameworks */,
			);
			sourceTree = "<group>";
		};
		D506DD5F1D8DAB0F000B0E61 /* Products */ = {
			isa = PBXGroup;
			children = (
				D506DD5E1D8DAB0F000B0E61 /* SoundCloudPLM.app */,
			);
			name = Products;
			sourceTree = "<group>";
		};
		D506DD601D8DAB0F000B0E61 /* SoundCloudPLM */ = {
			isa = PBXGroup;
			children = (
				D506DD791D8DAC47000B0E61 /* Model */,
				D506DD781D8DAC3F000B0E61 /* View */,
				D59FC3A21D90749800D827D9 /* Controller */,
				D506DD6A1D8DAB0F000B0E61 /* Main.storyboard */,
				D506DD611D8DAB0F000B0E61 /* Supporting Files */,
			);
			path = SoundCloudPLM;
			sourceTree = "<group>";
		};
		D506DD611D8DAB0F000B0E61 /* Supporting Files */ = {
			isa = PBXGroup;
			children = (
				D506DD6D1D8DAB0F000B0E61 /* Assets.xcassets */,
				D506DD721D8DAB0F000B0E61 /* Info.plist */,
				D506DD6F1D8DAB0F000B0E61 /* LaunchScreen.storyboard */,
				D506DD641D8DAB0F000B0E61 /* AppDelegate.h */,
				D506DD651D8DAB0F000B0E61 /* AppDelegate.m */,
				D506DD621D8DAB0F000B0E61 /* main.m */,
			);
			name = "Supporting Files";
			sourceTree = "<group>";
		};
		D506DD781D8DAC3F000B0E61 /* View */ = {
			isa = PBXGroup;
			children = (
				D59D781D1D8EF39F00C1E3BC /* PlayListsViewCell.h */,
				D59D781E1D8EF39F00C1E3BC /* PlayListsViewCell.m */,
				D5F56EBB1D8F6164003DF0B3 /* PlayListViewCell.h */,
				D5F56EBC1D8F6164003DF0B3 /* PlayListViewCell.m */,
			);
			name = View;
			sourceTree = "<group>";
		};
		D506DD791D8DAC47000B0E61 /* Model */ = {
			isa = PBXGroup;
			children = (
				D55528E51D8DC455006A7B59 /* SCNetworking.h */,
				D55528E61D8DC455006A7B59 /* SCNetworking.m */,
				D55528EB1D8DCD2E006A7B59 /* OAuthState.h */,
				D55528EC1D8DCD2E006A7B59 /* OAuthState.m */,
				D55528EE1D8DCD42006A7B59 /* AuthResult.h */,
				D55528EF1D8DCD42006A7B59 /* AuthResult.m */,
				D55528F71D8E2963006A7B59 /* Playlist.h */,
				D55528F81D8E2963006A7B59 /* Playlist.m */,
				D59D781A1D8EE27100C1E3BC /* Track.h */,
				D59D781B1D8EE27100C1E3BC /* Track.m */,
			);
			name = Model;
			sourceTree = "<group>";
		};
		D59FC3A21D90749800D827D9 /* Controller */ = {
			isa = PBXGroup;
			children = (
				D506DD671D8DAB0F000B0E61 /* ViewController.h */,
				D506DD681D8DAB0F000B0E61 /* ViewController.m */,
				D55528E81D8DCAAA006A7B59 /* LoginViewController.h */,
				D55528E91D8DCAAA006A7B59 /* LoginViewController.m */,
				D55528F41D8E1533006A7B59 /* PlayListsViewController.h */,
				D55528F51D8E1533006A7B59 /* PlayListsViewController.m */,
				D5F56EB81D8F6064003DF0B3 /* PlayListViewController.h */,
				D5F56EB91D8F6064003DF0B3 /* PlayListViewController.m */,
				D59FC39F1D90748E00D827D9 /* TrackDetailsViewController.h */,
				D59FC3A01D90748E00D827D9 /* TrackDetailsViewController.m */,
				D59FC3A31D909EB300D827D9 /* SearchTracksViewController.h */,
				D59FC3A41D909EB300D827D9 /* SearchTracksViewController.m */,
			);
			name = Controller;
			sourceTree = "<group>";
		};
/* End PBXGroup section */

/* Begin PBXNativeTarget section */
		D506DD5D1D8DAB0F000B0E61 /* SoundCloudPLM */ = {
			isa = PBXNativeTarget;
			buildConfigurationList = D506DD751D8DAB0F000B0E61 /* Build configuration list for PBXNativeTarget "SoundCloudPLM" */;
			buildPhases = (
				77373C6C31CD7B526DF66644 /* [CP] Check Pods Manifest.lock */,
				D506DD5A1D8DAB0F000B0E61 /* Sources */,
				D506DD5B1D8DAB0F000B0E61 /* Frameworks */,
				D506DD5C1D8DAB0F000B0E61 /* Resources */,
				B031D998A501F7AE4E1DF677 /* [CP] Embed Pods Frameworks */,
				AAA7873BF8069806DC9F8805 /* [CP] Copy Pods Resources */,
			);
			buildRules = (
			);
			dependencies = (
			);
			name = SoundCloudPLM;
			productName = SoundCloudPLM;
			productReference = D506DD5E1D8DAB0F000B0E61 /* SoundCloudPLM.app */;
			productType = "com.apple.product-type.application";
		};
/* End PBXNativeTarget section */

/* Begin PBXProject section */
		D506DD561D8DAB0F000B0E61 /* Project object */ = {
			isa = PBXProject;
			attributes = {
				LastUpgradeCheck = 0730;
				ORGANIZATIONNAME = "Vasilii Muravev";
				TargetAttributes = {
					D506DD5D1D8DAB0F000B0E61 = {
						CreatedOnToolsVersion = 7.3.1;
						DevelopmentTeam = S6UEECG2X9;
					};
				};
			};
			buildConfigurationList = D506DD591D8DAB0F000B0E61 /* Build configuration list for PBXProject "SoundCloudPLM" */;
			compatibilityVersion = "Xcode 3.2";
			developmentRegion = English;
			hasScannedForEncodings = 0;
			knownRegions = (
				en,
				Base,
			);
			mainGroup = D506DD551D8DAB0F000B0E61;
			productRefGroup = D506DD5F1D8DAB0F000B0E61 /* Products */;
			projectDirPath = "";
			projectRoot = "";
			targets = (
				D506DD5D1D8DAB0F000B0E61 /* SoundCloudPLM */,
			);
		};
/* End PBXProject section */

/* Begin PBXResourcesBuildPhase section */
		D506DD5C1D8DAB0F000B0E61 /* Resources */ = {
			isa = PBXResourcesBuildPhase;
			buildActionMask = 2147483647;
			files = (
				D506DD711D8DAB0F000B0E61 /* LaunchScreen.storyboard in Resources */,
				D506DD6E1D8DAB0F000B0E61 /* Assets.xcassets in Resources */,
				D506DD6C1D8DAB0F000B0E61 /* Main.storyboard in Resources */,
			);
			runOnlyForDeploymentPostprocessing = 0;
		};
/* End PBXResourcesBuildPhase section */

/* Begin PBXShellScriptBuildPhase section */
		77373C6C31CD7B526DF66644 /* [CP] Check Pods Manifest.lock */ = {
			isa = PBXShellScriptBuildPhase;
			buildActionMask = 2147483647;
			files = (
			);
			inputPaths = (
			);
			name = "[CP] Check Pods Manifest.lock";
			outputPaths = (
			);
			runOnlyForDeploymentPostprocessing = 0;
			shellPath = /bin/sh;
			shellScript = "diff \"${PODS_ROOT}/../Podfile.lock\" \"${PODS_ROOT}/Manifest.lock\" > /dev/null\nif [[ $? != 0 ]] ; then\n    cat << EOM\nerror: The sandbox is not in sync with the Podfile.lock. Run 'pod install' or update your CocoaPods installation.\nEOM\n    exit 1\nfi\n";
			showEnvVarsInLog = 0;
		};
		AAA7873BF8069806DC9F8805 /* [CP] Copy Pods Resources */ = {
			isa = PBXShellScriptBuildPhase;
			buildActionMask = 2147483647;
			files = (
			);
			inputPaths = (
			);
			name = "[CP] Copy Pods Resources";
			outputPaths = (
			);
			runOnlyForDeploymentPostprocessing = 0;
			shellPath = /bin/sh;
			shellScript = "\"${SRCROOT}/Pods/Target Support Files/Pods-SoundCloudPLM/Pods-SoundCloudPLM-resources.sh\"\n";
			showEnvVarsInLog = 0;
		};
		B031D998A501F7AE4E1DF677 /* [CP] Embed Pods Frameworks */ = {
			isa = PBXShellScriptBuildPhase;
			buildActionMask = 2147483647;
			files = (
			);
			inputPaths = (
			);
			name = "[CP] Embed Pods Frameworks";
			outputPaths = (
			);
			runOnlyForDeploymentPostprocessing = 0;
			shellPath = /bin/sh;
			shellScript = "\"${SRCROOT}/Pods/Target Support Files/Pods-SoundCloudPLM/Pods-SoundCloudPLM-frameworks.sh\"\n";
			showEnvVarsInLog = 0;
		};
/* End PBXShellScriptBuildPhase section */

/* Begin PBXSourcesBuildPhase section */
		D506DD5A1D8DAB0F000B0E61 /* Sources */ = {
			isa = PBXSourcesBuildPhase;
			buildActionMask = 2147483647;
			files = (
				D5F56EBA1D8F6064003DF0B3 /* PlayListViewController.m in Sources */,
				D5F56EBD1D8F6164003DF0B3 /* PlayListViewCell.m in Sources */,
				D55528F61D8E1533006A7B59 /* PlayListsViewController.m in Sources */,
				D55528F91D8E2963006A7B59 /* Playlist.m in Sources */,
				D59D781F1D8EF39F00C1E3BC /* PlayListsViewCell.m in Sources */,
				D506DD691D8DAB0F000B0E61 /* ViewController.m in Sources */,
				D5E5B5AD1D9462C000809B71 /* README.md in Sources */,
				D59D781C1D8EE27100C1E3BC /* Track.m in Sources */,
				D59FC3A11D90748E00D827D9 /* TrackDetailsViewController.m in Sources */,
				D506DD661D8DAB0F000B0E61 /* AppDelegate.m in Sources */,
				D506DD631D8DAB0F000B0E61 /* main.m in Sources */,
				D59FC3A51D909EB300D827D9 /* SearchTracksViewController.m in Sources */,
				D55528F01D8DCD42006A7B59 /* AuthResult.m in Sources */,
				D55528ED1D8DCD2E006A7B59 /* OAuthState.m in Sources */,
				D55528E71D8DC455006A7B59 /* SCNetworking.m in Sources */,
				D55528EA1D8DCAAA006A7B59 /* LoginViewController.m in Sources */,
			);
			runOnlyForDeploymentPostprocessing = 0;
		};
/* End PBXSourcesBuildPhase section */

/* Begin PBXVariantGroup section */
		D506DD6A1D8DAB0F000B0E61 /* Main.storyboard */ = {
			isa = PBXVariantGroup;
			children = (
				D506DD6B1D8DAB0F000B0E61 /* Base */,
			);
			name = Main.storyboard;
			sourceTree = "<group>";
		};
		D506DD6F1D8DAB0F000B0E61 /* LaunchScreen.storyboard */ = {
			isa = PBXVariantGroup;
			children = (
				D506DD701D8DAB0F000B0E61 /* Base */,
			);
			name = LaunchScreen.storyboard;
			sourceTree = "<group>";
		};
/* End PBXVariantGroup section */

/* Begin XCBuildConfiguration section */
		D506DD731D8DAB0F000B0E61 /* Debug */ = {
			isa = XCBuildConfiguration;
			buildSettings = {
				ALWAYS_SEARCH_USER_PATHS = NO;
				CLANG_ANALYZER_NONNULL = YES;
				CLANG_CXX_LANGUAGE_STANDARD = "gnu++0x";
				CLANG_CXX_LIBRARY = "libc++";
				CLANG_ENABLE_MODULES = YES;
				CLANG_ENABLE_OBJC_ARC = YES;
				CLANG_WARN_BOOL_CONVERSION = YES;
				CLANG_WARN_CONSTANT_CONVERSION = YES;
				CLANG_WARN_DIRECT_OBJC_ISA_USAGE = YES_ERROR;
				CLANG_WARN_EMPTY_BODY = YES;
				CLANG_WARN_ENUM_CONVERSION = YES;
				CLANG_WARN_INT_CONVERSION = YES;
				CLANG_WARN_OBJC_ROOT_CLASS = YES_ERROR;
				CLANG_WARN_UNREACHABLE_CODE = YES;
				CLANG_WARN__DUPLICATE_METHOD_MATCH = YES;
				"CODE_SIGN_IDENTITY[sdk=iphoneos*]" = "iPhone Developer";
				COPY_PHASE_STRIP = NO;
				DEBUG_INFORMATION_FORMAT = dwarf;
				ENABLE_STRICT_OBJC_MSGSEND = YES;
				ENABLE_TESTABILITY = YES;
				GCC_C_LANGUAGE_STANDARD = gnu99;
				GCC_DYNAMIC_NO_PIC = NO;
				GCC_NO_COMMON_BLOCKS = YES;
				GCC_OPTIMIZATION_LEVEL = 0;
				GCC_PREPROCESSOR_DEFINITIONS = (
					"DEBUG=1",
					"$(inherited)",
				);
				GCC_WARN_64_TO_32_BIT_CONVERSION = YES;
				GCC_WARN_ABOUT_RETURN_TYPE = YES_ERROR;
				GCC_WARN_UNDECLARED_SELECTOR = YES;
				GCC_WARN_UNINITIALIZED_AUTOS = YES_AGGRESSIVE;
				GCC_WARN_UNUSED_FUNCTION = YES;
				GCC_WARN_UNUSED_VARIABLE = YES;
				IPHONEOS_DEPLOYMENT_TARGET = 9.3;
				MTL_ENABLE_DEBUG_INFO = YES;
				ONLY_ACTIVE_ARCH = YES;
				SDKROOT = iphoneos;
			};
			name = Debug;
		};
		D506DD741D8DAB0F000B0E61 /* Release */ = {
			isa = XCBuildConfiguration;
			buildSettings = {
				ALWAYS_SEARCH_USER_PATHS = NO;
				CLANG_ANALYZER_NONNULL = YES;
				CLANG_CXX_LANGUAGE_STANDARD = "gnu++0x";
				CLANG_CXX_LIBRARY = "libc++";
				CLANG_ENABLE_MODULES = YES;
				CLANG_ENABLE_OBJC_ARC = YES;
				CLANG_WARN_BOOL_CONVERSION = YES;
				CLANG_WARN_CONSTANT_CONVERSION = YES;
				CLANG_WARN_DIRECT_OBJC_ISA_USAGE = YES_ERROR;
				CLANG_WARN_EMPTY_BODY = YES;
				CLANG_WARN_ENUM_CONVERSION = YES;
				CLANG_WARN_INT_CONVERSION = YES;
				CLANG_WARN_OBJC_ROOT_CLASS = YES_ERROR;
				CLANG_WARN_UNREACHABLE_CODE = YES;
				CLANG_WARN__DUPLICATE_METHOD_MATCH = YES;
				"CODE_SIGN_IDENTITY[sdk=iphoneos*]" = "iPhone Developer";
				COPY_PHASE_STRIP = NO;
				DEBUG_INFORMATION_FORMAT = "dwarf-with-dsym";
				ENABLE_NS_ASSERTIONS = NO;
				ENABLE_STRICT_OBJC_MSGSEND = YES;
				GCC_C_LANGUAGE_STANDARD = gnu99;
				GCC_NO_COMMON_BLOCKS = YES;
				GCC_WARN_64_TO_32_BIT_CONVERSION = YES;
				GCC_WARN_ABOUT_RETURN_TYPE = YES_ERROR;
				GCC_WARN_UNDECLARED_SELECTOR = YES;
				GCC_WARN_UNINITIALIZED_AUTOS = YES_AGGRESSIVE;
				GCC_WARN_UNUSED_FUNCTION = YES;
				GCC_WARN_UNUSED_VARIABLE = YES;
				IPHONEOS_DEPLOYMENT_TARGET = 9.3;
				MTL_ENABLE_DEBUG_INFO = NO;
				SDKROOT = iphoneos;
				VALIDATE_PRODUCT = YES;
			};
			name = Release;
		};
		D506DD761D8DAB0F000B0E61 /* Debug */ = {
			isa = XCBuildConfiguration;
			baseConfigurationReference = D4C5ACBC046B15BD0E1467E4 /* Pods-SoundCloudPLM.debug.xcconfig */;
			buildSettings = {
				ASSETCATALOG_COMPILER_APPICON_NAME = AppIcon;
				CODE_SIGN_IDENTITY = "iPhone Developer";
				HEADER_SEARCH_PATHS = (
					"$(inherited)/**",
					"\"${PODS_ROOT}/Headers/Public/AFNetworking\"/**",
					"\"${PODS_ROOT}/Headers/Public/ISO8601DateFormatterValueTransformer\"/**",
					"\"${PODS_ROOT}/Headers/Public/RKValueTransformers\"/**",
					"\"${PODS_ROOT}/Headers/Public/RestKit\"/**",
					"\"${PODS_ROOT}/Headers/Public/SOCKit\"/**",
					"\"${PODS_ROOT}/Headers/Public/TransitionKit\"/**",
					"\"${PODS_ROOT}/Headers/Public\"/**",
				);
				INFOPLIST_FILE = SoundCloudPLM/Info.plist;
				LD_RUNPATH_SEARCH_PATHS = "$(inherited) @executable_path/Frameworks";
				PRODUCT_BUNDLE_IDENTIFIER = VasiliiMuravev.SoundCloudPLM;
				PRODUCT_NAME = "$(TARGET_NAME)";
			};
			name = Debug;
		};
		D506DD771D8DAB0F000B0E61 /* Release */ = {
			isa = XCBuildConfiguration;
			baseConfigurationReference = 4168104F6E07A79CD779E425 /* Pods-SoundCloudPLM.release.xcconfig */;
			buildSettings = {
				ASSETCATALOG_COMPILER_APPICON_NAME = AppIcon;
				CODE_SIGN_IDENTITY = "iPhone Developer";
				HEADER_SEARCH_PATHS = (
					"$(inherited)/**",
					"\"${PODS_ROOT}/Headers/Public/AFNetworking\"/**",
					"\"${PODS_ROOT}/Headers/Public/ISO8601DateFormatterValueTransformer\"/**",
					"\"${PODS_ROOT}/Headers/Public/RKValueTransformers\"/**",
					"\"${PODS_ROOT}/Headers/Public/RestKit\"/**",
					"\"${PODS_ROOT}/Headers/Public/SOCKit\"/**",
					"\"${PODS_ROOT}/Headers/Public/TransitionKit\"/**",
					"\"${PODS_ROOT}/Headers/Public\"/**",
				);
				INFOPLIST_FILE = SoundCloudPLM/Info.plist;
				LD_RUNPATH_SEARCH_PATHS = "$(inherited) @executable_path/Frameworks";
				PRODUCT_BUNDLE_IDENTIFIER = VasiliiMuravev.SoundCloudPLM;
				PRODUCT_NAME = "$(TARGET_NAME)";
			};
			name = Release;
		};
/* End XCBuildConfiguration section */

/* Begin XCConfigurationList section */
		D506DD591D8DAB0F000B0E61 /* Build configuration list for PBXProject "SoundCloudPLM" */ = {
			isa = XCConfigurationList;
			buildConfigurations = (
				D506DD731D8DAB0F000B0E61 /* Debug */,
				D506DD741D8DAB0F000B0E61 /* Release */,
			);
			defaultConfigurationIsVisible = 0;
			defaultConfigurationName = Release;
		};
		D506DD751D8DAB0F000B0E61 /* Build configuration list for PBXNativeTarget "SoundCloudPLM" */ = {
			isa = XCConfigurationList;
			buildConfigurations = (
				D506DD761D8DAB0F000B0E61 /* Debug */,
				D506DD771D8DAB0F000B0E61 /* Release */,
			);
			defaultConfigurationIsVisible = 0;
			defaultConfigurationName = Release;
		};
/* End XCConfigurationList section */
	};
	rootObject = D506DD561D8DAB0F000B0E61 /* Project object */;
}
